// !$*UTF8*$!
{
	archiveVersion = 1;
	classes = {
	};
	objectVersion = 46;
	objects = {

/* Begin PBXBuildFile section */
		55B930E21D8318D200FACE67 /* AppDelegate.swift in Sources */ = {isa = PBXBuildFile; fileRef = 55B930E11D8318D200FACE67 /* AppDelegate.swift */; };
		55B930E41D8318D200FACE67 /* ViewController.swift in Sources */ = {isa = PBXBuildFile; fileRef = 55B930E31D8318D200FACE67 /* ViewController.swift */; };
		55B930E71D8318D200FACE67 /* Main.storyboard in Resources */ = {isa = PBXBuildFile; fileRef = 55B930E51D8318D200FACE67 /* Main.storyboard */; };
		55B930E91D8318D200FACE67 /* Assets.xcassets in Resources */ = {isa = PBXBuildFile; fileRef = 55B930E81D8318D200FACE67 /* Assets.xcassets */; };
		55B930EC1D8318D200FACE67 /* LaunchScreen.storyboard in Resources */ = {isa = PBXBuildFile; fileRef = 55B930EA1D8318D200FACE67 /* LaunchScreen.storyboard */; };
		55B930F71D8318D200FACE67 /* TravisTestTests.swift in Sources */ = {isa = PBXBuildFile; fileRef = 55B930F61D8318D200FACE67 /* TravisTestTests.swift */; };
		55B931021D8318D200FACE67 /* TravisTestUITests.swift in Sources */ = {isa = PBXBuildFile; fileRef = 55B931011D8318D200FACE67 /* TravisTestUITests.swift */; };
/* End PBXBuildFile section */

/* Begin PBXContainerItemProxy section */
		55B930F31D8318D200FACE67 /* PBXContainerItemProxy */ = {
			isa = PBXContainerItemProxy;
			containerPortal = 55B930D61D8318D200FACE67 /* Project object */;
			proxyType = 1;
			remoteGlobalIDString = 55B930DD1D8318D200FACE67;
			remoteInfo = TravisTest;
		};
		55B930FE1D8318D200FACE67 /* PBXContainerItemProxy */ = {
			isa = PBXContainerItemProxy;
			containerPortal = 55B930D61D8318D200FACE67 /* Project object */;
			proxyType = 1;
			remoteGlobalIDString = 55B930DD1D8318D200FACE67;
			remoteInfo = TravisTest;
		};
/* End PBXContainerItemProxy section */

/* Begin PBXFileReference section */
		55B930DE1D8318D200FACE67 /* TravisTest.app */ = {isa = PBXFileReference; explicitFileType = wrapper.application; includeInIndex = 0; path = TravisTest.app; sourceTree = BUILT_PRODUCTS_DIR; };
		55B930E11D8318D200FACE67 /* AppDelegate.swift */ = {isa = PBXFileReference; lastKnownFileType = sourcecode.swift; path = AppDelegate.swift; sourceTree = "<group>"; };
		55B930E31D8318D200FACE67 /* ViewController.swift */ = {isa = PBXFileReference; lastKnownFileType = sourcecode.swift; path = ViewController.swift; sourceTree = "<group>"; };
		55B930E61D8318D200FACE67 /* Base */ = {isa = PBXFileReference; lastKnownFileType = file.storyboard; name = Base; path = Base.lproj/Main.storyboard; sourceTree = "<group>"; };
		55B930E81D8318D200FACE67 /* Assets.xcassets */ = {isa = PBXFileReference; lastKnownFileType = folder.assetcatalog; path = Assets.xcassets; sourceTree = "<group>"; };
		55B930EB1D8318D200FACE67 /* Base */ = {isa = PBXFileReference; lastKnownFileType = file.storyboard; name = Base; path = Base.lproj/LaunchScreen.storyboard; sourceTree = "<group>"; };
		55B930ED1D8318D200FACE67 /* Info.plist */ = {isa = PBXFileReference; lastKnownFileType = text.plist.xml; path = Info.plist; sourceTree = "<group>"; };
		55B930F21D8318D200FACE67 /* TravisTestTests.xctest */ = {isa = PBXFileReference; explicitFileType = wrapper.cfbundle; includeInIndex = 0; path = TravisTestTests.xctest; sourceTree = BUILT_PRODUCTS_DIR; };
		55B930F61D8318D200FACE67 /* TravisTestTests.swift */ = {isa = PBXFileReference; lastKnownFileType = sourcecode.swift; path = TravisTestTests.swift; sourceTree = "<group>"; };
		55B930F81D8318D200FACE67 /* Info.plist */ = {isa = PBXFileReference; lastKnownFileType = text.plist.xml; path = Info.plist; sourceTree = "<group>"; };
		55B930FD1D8318D200FACE67 /* TravisTestUITests.xctest */ = {isa = PBXFileReference; explicitFileType = wrapper.cfbundle; includeInIndex = 0; path = TravisTestUITests.xctest; sourceTree = BUILT_PRODUCTS_DIR; };
		55B931011D8318D200FACE67 /* TravisTestUITests.swift */ = {isa = PBXFileReference; lastKnownFileType = sourcecode.swift; path = TravisTestUITests.swift; sourceTree = "<group>"; };
		55B931031D8318D200FACE67 /* Info.plist */ = {isa = PBXFileReference; lastKnownFileType = text.plist.xml; path = Info.plist; sourceTree = "<group>"; };
/* End PBXFileReference section */

/* Begin PBXFrameworksBuildPhase section */
		55B930DB1D8318D200FACE67 /* Frameworks */ = {
			isa = PBXFrameworksBuildPhase;
			buildActionMask = 2147483647;
			files = (
			);
			runOnlyForDeploymentPostprocessing = 0;
		};
		55B930EF1D8318D200FACE67 /* Frameworks */ = {
			isa = PBXFrameworksBuildPhase;
			buildActionMask = 2147483647;
			files = (
			);
			runOnlyForDeploymentPostprocessing = 0;
		};
		55B930FA1D8318D200FACE67 /* Frameworks */ = {
			isa = PBXFrameworksBuildPhase;
			buildActionMask = 2147483647;
			files = (
			);
			runOnlyForDeploymentPostprocessing = 0;
		};
/* End PBXFrameworksBuildPhase section */

/* Begin PBXGroup section */
		55B930D51D8318D200FACE67 = {
			isa = PBXGroup;
			children = (
				55B930E01D8318D200FACE67 /* TravisTest */,
				55B930F51D8318D200FACE67 /* TravisTestTests */,
				55B931001D8318D200FACE67 /* TravisTestUITests */,
				55B930DF1D8318D200FACE67 /* Products */,
			);
			sourceTree = "<group>";
		};
		55B930DF1D8318D200FACE67 /* Products */ = {
			isa = PBXGroup;
			children = (
				55B930DE1D8318D200FACE67 /* TravisTest.app */,
				55B930F21D8318D200FACE67 /* TravisTestTests.xctest */,
				55B930FD1D8318D200FACE67 /* TravisTestUITests.xctest */,
			);
			name = Products;
			sourceTree = "<group>";
		};
		55B930E01D8318D200FACE67 /* TravisTest */ = {
			isa = PBXGroup;
			children = (
				55B930E11D8318D200FACE67 /* AppDelegate.swift */,
				55B930E31D8318D200FACE67 /* ViewController.swift */,
				55B930E51D8318D200FACE67 /* Main.storyboard */,
				55B930E81D8318D200FACE67 /* Assets.xcassets */,
				55B930EA1D8318D200FACE67 /* LaunchScreen.storyboard */,
				55B930ED1D8318D200FACE67 /* Info.plist */,
			);
			path = TravisTest;
			sourceTree = "<group>";
		};
		55B930F51D8318D200FACE67 /* TravisTestTests */ = {
			isa = PBXGroup;
			children = (
				55B930F61D8318D200FACE67 /* TravisTestTests.swift */,
				55B930F81D8318D200FACE67 /* Info.plist */,
			);
			path = TravisTestTests;
			sourceTree = "<group>";
		};
		55B931001D8318D200FACE67 /* TravisTestUITests */ = {
			isa = PBXGroup;
			children = (
				55B931011D8318D200FACE67 /* TravisTestUITests.swift */,
				55B931031D8318D200FACE67 /* Info.plist */,
			);
			path = TravisTestUITests;
			sourceTree = "<group>";
		};
/* End PBXGroup section */

/* Begin PBXNativeTarget section */
		55B930DD1D8318D200FACE67 /* TravisTest */ = {
			isa = PBXNativeTarget;
			buildConfigurationList = 55B931061D8318D200FACE67 /* Build configuration list for PBXNativeTarget "TravisTest" */;
			buildPhases = (
				55B930DA1D8318D200FACE67 /* Sources */,
				55B930DB1D8318D200FACE67 /* Frameworks */,
				55B930DC1D8318D200FACE67 /* Resources */,
			);
			buildRules = (
			);
			dependencies = (
			);
			name = TravisTest;
			productName = TravisTest;
			productReference = 55B930DE1D8318D200FACE67 /* TravisTest.app */;
			productType = "com.apple.product-type.application";
		};
		55B930F11D8318D200FACE67 /* TravisTestTests */ = {
			isa = PBXNativeTarget;
			buildConfigurationList = 55B931091D8318D200FACE67 /* Build configuration list for PBXNativeTarget "TravisTestTests" */;
			buildPhases = (
				55B930EE1D8318D200FACE67 /* Sources */,
				55B930EF1D8318D200FACE67 /* Frameworks */,
				55B930F01D8318D200FACE67 /* Resources */,
			);
			buildRules = (
			);
			dependencies = (
				55B930F41D8318D200FACE67 /* PBXTargetDependency */,
			);
			name = TravisTestTests;
			productName = TravisTestTests;
			productReference = 55B930F21D8318D200FACE67 /* TravisTestTests.xctest */;
			productType = "com.apple.product-type.bundle.unit-test";
		};
		55B930FC1D8318D200FACE67 /* TravisTestUITests */ = {
			isa = PBXNativeTarget;
			buildConfigurationList = 55B9310C1D8318D200FACE67 /* Build configuration list for PBXNativeTarget "TravisTestUITests" */;
			buildPhases = (
				55B930F91D8318D200FACE67 /* Sources */,
				55B930FA1D8318D200FACE67 /* Frameworks */,
				55B930FB1D8318D200FACE67 /* Resources */,
			);
			buildRules = (
			);
			dependencies = (
				55B930FF1D8318D200FACE67 /* PBXTargetDependency */,
			);
			name = TravisTestUITests;
			productName = TravisTestUITests;
			productReference = 55B930FD1D8318D200FACE67 /* TravisTestUITests.xctest */;
			productType = "com.apple.product-type.bundle.ui-testing";
		};
/* End PBXNativeTarget section */

/* Begin PBXProject section */
		55B930D61D8318D200FACE67 /* Project object */ = {
			isa = PBXProject;
			attributes = {
				LastSwiftUpdateCheck = 0730;
				LastUpgradeCheck = 0730;
				ORGANIZATIONNAME = "Joseph Kiley";
				TargetAttributes = {
					55B930DD1D8318D200FACE67 = {
						CreatedOnToolsVersion = 7.3.1;
					};
					55B930F11D8318D200FACE67 = {
						CreatedOnToolsVersion = 7.3.1;
						TestTargetID = 55B930DD1D8318D200FACE67;
					};
					55B930FC1D8318D200FACE67 = {
						CreatedOnToolsVersion = 7.3.1;
						TestTargetID = 55B930DD1D8318D200FACE67;
					};
				};
			};
			buildConfigurationList = 55B930D91D8318D200FACE67 /* Build configuration list for PBXProject "TravisTest" */;
			compatibilityVersion = "Xcode 3.2";
			developmentRegion = English;
			hasScannedForEncodings = 0;
			knownRegions = (
				en,
				Base,
			);
			mainGroup = 55B930D51D8318D200FACE67;
			productRefGroup = 55B930DF1D8318D200FACE67 /* Products */;
			projectDirPath = "";
			projectRoot = "";
			targets = (
				55B930DD1D8318D200FACE67 /* TravisTest */,
				55B930F11D8318D200FACE67 /* TravisTestTests */,
				55B930FC1D8318D200FACE67 /* TravisTestUITests */,
			);
		};
/* End PBXProject section */

/* Begin PBXResourcesBuildPhase section */
		55B930DC1D8318D200FACE67 /* Resources */ = {
			isa = PBXResourcesBuildPhase;
			buildActionMask = 2147483647;
			files = (
				55B930EC1D8318D200FACE67 /* LaunchScreen.storyboard in Resources */,
				55B930E91D8318D200FACE67 /* Assets.xcassets in Resources */,
				55B930E71D8318D200FACE67 /* Main.storyboard in Resources */,
			);
			runOnlyForDeploymentPostprocessing = 0;
		};
		55B930F01D8318D200FACE67 /* Resources */ = {
			isa = PBXResourcesBuildPhase;
			buildActionMask = 2147483647;
			files = (
			);
			runOnlyForDeploymentPostprocessing = 0;
		};
		55B930FB1D8318D200FACE67 /* Resources */ = {
			isa = PBXResourcesBuildPhase;
			buildActionMask = 2147483647;
			files = (
			);
			runOnlyForDeploymentPostprocessing = 0;
		};
/* End PBXResourcesBuildPhase section */

/* Begin PBXSourcesBuildPhase section */
		55B930DA1D8318D200FACE67 /* Sources */ = {
			isa = PBXSourcesBuildPhase;
			buildActionMask = 2147483647;
			files = (
				55B930E41D8318D200FACE67 /* ViewController.swift in Sources */,
				55B930E21D8318D200FACE67 /* AppDelegate.swift in Sources */,
			);
			runOnlyForDeploymentPostprocessing = 0;
		};
		55B930EE1D8318D200FACE67 /* Sources */ = {
			isa = PBXSourcesBuildPhase;
			buildActionMask = 2147483647;
			files = (
				55B930F71D8318D200FACE67 /* TravisTestTests.swift in Sources */,
			);
			runOnlyForDeploymentPostprocessing = 0;
		};
		55B930F91D8318D200FACE67 /* Sources */ = {
			isa = PBXSourcesBuildPhase;
			buildActionMask = 2147483647;
			files = (
				55B931021D8318D200FACE67 /* TravisTestUITests.swift in Sources */,
			);
			runOnlyForDeploymentPostprocessing = 0;
		};
/* End PBXSourcesBuildPhase section */

/* Begin PBXTargetDependency section */
		55B930F41D8318D200FACE67 /* PBXTargetDependency */ = {
			isa = PBXTargetDependency;
			target = 55B930DD1D8318D200FACE67 /* TravisTest */;
			targetProxy = 55B930F31D8318D200FACE67 /* PBXContainerItemProxy */;
		};
		55B930FF1D8318D200FACE67 /* PBXTargetDependency */ = {
			isa = PBXTargetDependency;
			target = 55B930DD1D8318D200FACE67 /* TravisTest */;
			targetProxy = 55B930FE1D8318D200FACE67 /* PBXContainerItemProxy */;
		};
/* End PBXTargetDependency section */

/* Begin PBXVariantGroup section */
		55B930E51D8318D200FACE67 /* Main.storyboard */ = {
			isa = PBXVariantGroup;
			children = (
				55B930E61D8318D200FACE67 /* Base */,
			);
			name = Main.storyboard;
			sourceTree = "<group>";
		};
		55B930EA1D8318D200FACE67 /* LaunchScreen.storyboard */ = {
			isa = PBXVariantGroup;
			children = (
				55B930EB1D8318D200FACE67 /* Base */,
			);
			name = LaunchScreen.storyboard;
			sourceTree = "<group>";
		};
/* End PBXVariantGroup section */

/* Begin XCBuildConfiguration section */
		55B931041D8318D200FACE67 /* Debug */ = {
			isa = XCBuildConfiguration;
			buildSettings = {
				ALWAYS_SEARCH_USER_PATHS = NO;
				CLANG_ANALYZER_NONNULL = YES;
				CLANG_CXX_LANGUAGE_STANDARD = "gnu++0x";
				CLANG_CXX_LIBRARY = "libc++";
				CLANG_ENABLE_MODULES = YES;
				CLANG_ENABLE_OBJC_ARC = YES;
				CLANG_WARN_BOOL_CONVERSION = YES;
				CLANG_WARN_CONSTANT_CONVERSION = YES;
				CLANG_WARN_DIRECT_OBJC_ISA_USAGE = YES_ERROR;
				CLANG_WARN_EMPTY_BODY = YES;
				CLANG_WARN_ENUM_CONVERSION = YES;
				CLANG_WARN_INT_CONVERSION = YES;
				CLANG_WARN_OBJC_ROOT_CLASS = YES_ERROR;
				CLANG_WARN_UNREACHABLE_CODE = YES;
				CLANG_WARN__DUPLICATE_METHOD_MATCH = YES;
				"CODE_SIGN_IDENTITY[sdk=iphoneos*]" = "iPhone Developer";
				COPY_PHASE_STRIP = NO;
				DEBUG_INFORMATION_FORMAT = dwarf;
				ENABLE_STRICT_OBJC_MSGSEND = YES;
				ENABLE_TESTABILITY = YES;
				GCC_C_LANGUAGE_STANDARD = gnu99;
				GCC_DYNAMIC_NO_PIC = NO;
				GCC_NO_COMMON_BLOCKS = YES;
				GCC_OPTIMIZATION_LEVEL = 0;
				GCC_PREPROCESSOR_DEFINITIONS = (
					"DEBUG=1",
					"$(inherited)",
				);
				GCC_WARN_64_TO_32_BIT_CONVERSION = YES;
				GCC_WARN_ABOUT_RETURN_TYPE = YES_ERROR;
				GCC_WARN_UNDECLARED_SELECTOR = YES;
				GCC_WARN_UNINITIALIZED_AUTOS = YES_AGGRESSIVE;
				GCC_WARN_UNUSED_FUNCTION = YES;
				GCC_WARN_UNUSED_VARIABLE = YES;
				IPHONEOS_DEPLOYMENT_TARGET = 9.3;
				MTL_ENABLE_DEBUG_INFO = YES;
				ONLY_ACTIVE_ARCH = YES;
				SDKROOT = iphoneos;
				SWIFT_OPTIMIZATION_LEVEL = "-Onone";
			};
			name = Debug;
		};
		55B931051D8318D200FACE67 /* Release */ = {
			isa = XCBuildConfiguration;
			buildSettings = {
				ALWAYS_SEARCH_USER_PATHS = NO;
				CLANG_ANALYZER_NONNULL = YES;
				CLANG_CXX_LANGUAGE_STANDARD = "gnu++0x";
				CLANG_CXX_LIBRARY = "libc++";
				CLANG_ENABLE_MODULES = YES;
				CLANG_ENABLE_OBJC_ARC = YES;
				CLANG_WARN_BOOL_CONVERSION = YES;
				CLANG_WARN_CONSTANT_CONVERSION = YES;
				CLANG_WARN_DIRECT_OBJC_ISA_USAGE = YES_ERROR;
				CLANG_WARN_EMPTY_BODY = YES;
				CLANG_WARN_ENUM_CONVERSION = YES;
				CLANG_WARN_INT_CONVERSION = YES;
				CLANG_WARN_OBJC_ROOT_CLASS = YES_ERROR;
				CLANG_WARN_UNREACHABLE_CODE = YES;
				CLANG_WARN__DUPLICATE_METHOD_MATCH = YES;
				"CODE_SIGN_IDENTITY[sdk=iphoneos*]" = "iPhone Developer";
				COPY_PHASE_STRIP = NO;
				DEBUG_INFORMATION_FORMAT = "dwarf-with-dsym";
				ENABLE_NS_ASSERTIONS = NO;
				ENABLE_STRICT_OBJC_MSGSEND = YES;
				GCC_C_LANGUAGE_STANDARD = gnu99;
				GCC_NO_COMMON_BLOCKS = YES;
				GCC_WARN_64_TO_32_BIT_CONVERSION = YES;
				GCC_WARN_ABOUT_RETURN_TYPE = YES_ERROR;
				GCC_WARN_UNDECLARED_SELECTOR = YES;
				GCC_WARN_UNINITIALIZED_AUTOS = YES_AGGRESSIVE;
				GCC_WARN_UNUSED_FUNCTION = YES;
				GCC_WARN_UNUSED_VARIABLE = YES;
				IPHONEOS_DEPLOYMENT_TARGET = 9.3;
				MTL_ENABLE_DEBUG_INFO = NO;
				SDKROOT = iphoneos;
				VALIDATE_PRODUCT = YES;
			};
			name = Release;
		};
		55B931071D8318D200FACE67 /* Debug */ = {
			isa = XCBuildConfiguration;
			buildSettings = {
				ASSETCATALOG_COMPILER_APPICON_NAME = AppIcon;
				INFOPLIST_FILE = TravisTest/Info.plist;
				LD_RUNPATH_SEARCH_PATHS = "$(inherited) @executable_path/Frameworks";
				PRODUCT_BUNDLE_IDENTIFIER = Posse.TravisTest;
				PRODUCT_NAME = "$(TARGET_NAME)";
			};
			name = Debug;
		};
		55B931081D8318D200FACE67 /* Release */ = {
			isa = XCBuildConfiguration;
			buildSettings = {
				ASSETCATALOG_COMPILER_APPICON_NAME = AppIcon;
				INFOPLIST_FILE = TravisTest/Info.plist;
				LD_RUNPATH_SEARCH_PATHS = "$(inherited) @executable_path/Frameworks";
				PRODUCT_BUNDLE_IDENTIFIER = Posse.TravisTest;
				PRODUCT_NAME = "$(TARGET_NAME)";
			};
			name = Release;
		};
		55B9310A1D8318D200FACE67 /* Debug */ = {
			isa = XCBuildConfiguration;
			buildSettings = {
				BUNDLE_LOADER = "$(TEST_HOST)";
				INFOPLIST_FILE = TravisTestTests/Info.plist;
				LD_RUNPATH_SEARCH_PATHS = "$(inherited) @executable_path/Frameworks @loader_path/Frameworks";
				PRODUCT_BUNDLE_IDENTIFIER = Posse.TravisTestTests;
				PRODUCT_NAME = "$(TARGET_NAME)";
				TEST_HOST = "$(BUILT_PRODUCTS_DIR)/TravisTest.app/TravisTest";
			};
			name = Debug;
		};
		55B9310B1D8318D200FACE67 /* Release */ = {
			isa = XCBuildConfiguration;
			buildSettings = {
				BUNDLE_LOADER = "$(TEST_HOST)";
				INFOPLIST_FILE = TravisTestTests/Info.plist;
				LD_RUNPATH_SEARCH_PATHS = "$(inherited) @executable_path/Frameworks @loader_path/Frameworks";
				PRODUCT_BUNDLE_IDENTIFIER = Posse.TravisTestTests;
				PRODUCT_NAME = "$(TARGET_NAME)";
				TEST_HOST = "$(BUILT_PRODUCTS_DIR)/TravisTest.app/TravisTest";
			};
			name = Release;
		};
		55B9310D1D8318D200FACE67 /* Debug */ = {
			isa = XCBuildConfiguration;
			buildSettings = {
				INFOPLIST_FILE = TravisTestUITests/Info.plist;
				LD_RUNPATH_SEARCH_PATHS = "$(inherited) @executable_path/Frameworks @loader_path/Frameworks";
				PRODUCT_BUNDLE_IDENTIFIER = Posse.TravisTestUITests;
				PRODUCT_NAME = "$(TARGET_NAME)";
				TEST_TARGET_NAME = TravisTest;
			};
			name = Debug;
		};
		55B9310E1D8318D200FACE67 /* Release */ = {
			isa = XCBuildConfiguration;
			buildSettings = {
				INFOPLIST_FILE = TravisTestUITests/Info.plist;
				LD_RUNPATH_SEARCH_PATHS = "$(inherited) @executable_path/Frameworks @loader_path/Frameworks";
				PRODUCT_BUNDLE_IDENTIFIER = Posse.TravisTestUITests;
				PRODUCT_NAME = "$(TARGET_NAME)";
				TEST_TARGET_NAME = TravisTest;
			};
			name = Release;
		};
/* End XCBuildConfiguration section */

/* Begin XCConfigurationList section */
		55B930D91D8318D200FACE67 /* Build configuration list for PBXProject "TravisTest" */ = {
			isa = XCConfigurationList;
			buildConfigurations = (
				55B931041D8318D200FACE67 /* Debug */,
				55B931051D8318D200FACE67 /* Release */,
			);
			defaultConfigurationIsVisible = 0;
			defaultConfigurationName = Release;
		};
		55B931061D8318D200FACE67 /* Build configuration list for PBXNativeTarget "TravisTest" */ = {
			isa = XCConfigurationList;
			buildConfigurations = (
				55B931071D8318D200FACE67 /* Debug */,
				55B931081D8318D200FACE67 /* Release */,
			);
			defaultConfigurationIsVisible = 0;
		};
		55B931091D8318D200FACE67 /* Build configuration list for PBXNativeTarget "TravisTestTests" */ = {
			isa = XCConfigurationList;
			buildConfigurations = (
				55B9310A1D8318D200FACE67 /* Debug */,
				55B9310B1D8318D200FACE67 /* Release */,
			);
			defaultConfigurationIsVisible = 0;
		};
		55B9310C1D8318D200FACE67 /* Build configuration list for PBXNativeTarget "TravisTestUITests" */ = {
			isa = XCConfigurationList;
			buildConfigurations = (
				55B9310D1D8318D200FACE67 /* Debug */,
				55B9310E1D8318D200FACE67 /* Release */,
			);
			defaultConfigurationIsVisible = 0;
		};
/* End XCConfigurationList section */
	};
	rootObject = 55B930D61D8318D200FACE67 /* Project object */;
}
